Microsoft Visual Studio Solution File, Format Version 12.00
# Visual Studio Version 17
VisualStudioVersion = 17.8.34309.116
MinimumVisualStudioVersion = 10.0.40219.1
Project("{FAE04EC0-301F-11D3-BF4B-00C04F79EFBC}") = "Engine", "Engine\Engine.csproj", "{81310F00-869C-4E8F-A50A-F55AE1BE3919}"
EndProject
Project("{FAE04EC0-301F-11D3-BF4B-00C04F79EFBC}") = "Tests", "Tests\Tests.csproj", "{FDBC4570-3EAB-43CB-9DF1-CC875EBEAF21}"
EndProject
Project("{FAE04EC0-301F-11D3-BF4B-00C04F79EFBC}") = "Testertron", "Testertron\Testertron.csproj", "{3EE053E9-4D73-4A5F-9255-AF83B24E0AC1}"
EndProject
Global
	GlobalSection(SolutionConfigurationPlatforms) = preSolution
		Debug|Any CPU = Debug|Any CPU
		Release|Any CPU = Release|Any CPU
	EndGlobalSection
	GlobalSection(ProjectConfigurationPlatforms) = postSolution
		{81310F00-869C-4E8F-A50A-F55AE1BE3919}.Debug|Any CPU.ActiveCfg = Debug|Any CPU
		{81310F00-869C-4E8F-A50A-F55AE1BE3919}.Debug|Any CPU.Build.0 = Debug|Any CPU
		{81310F00-869C-4E8F-A50A-F55AE1BE3919}.Release|Any CPU.ActiveCfg = Release|Any CPU
		{81310F00-869C-4E8F-A50A-F55AE1BE3919}.Release|Any CPU.Build.0 = Release|Any CPU
		{FDBC4570-3EAB-43CB-9DF1-CC875EBEAF21}.Debug|Any CPU.ActiveCfg = Debug|Any CPU
		{FDBC4570-3EAB-43CB-9DF1-CC875EBEAF21}.Debug|Any CPU.Build.0 = Debug|Any CPU
		{FDBC4570-3EAB-43CB-9DF1-CC875EBEAF21}.Release|Any CPU.ActiveCfg = Release|Any CPU
		{FDBC4570-3EAB-43CB-9DF1-CC875EBEAF21}.Release|Any CPU.Build.0 = Release|Any CPU
		{3EE053E9-4D73-4A5F-9255-AF83B24E0AC1}.Debug|Any CPU.ActiveCfg = Debug|Any CPU
		{3EE053E9-4D73-4A5F-9255-AF83B24E0AC1}.Debug|Any CPU.Build.0 = Debug|Any CPU
		{3EE053E9-4D73-4A5F-9255-AF83B24E0AC1}.Release|Any CPU.ActiveCfg = Release|Any CPU
		{3EE053E9-4D73-4A5F-9255-AF83B24E0AC1}.Release|Any CPU.Build.0 = Release|Any CPU
	EndGlobalSection
	GlobalSection(SolutionProperties) = preSolution
		HideSolutionNode = FALSE
	EndGlobalSection
	GlobalSection(ExtensibilityGlobals) = postSolution
		SolutionGuid = {C703A34B-FBB9-467D-AA27-8FEE1D2BC5BC}
	EndGlobalSection
EndGlobal
